
Microsoft Visual Studio Solution File, Format Version 12.00
# Visual Studio 15
VisualStudioVersion = 15.0.26124.0
MinimumVisualStudioVersion = 15.0.26124.0
Project("{FAE04EC0-301F-11D3-BF4B-00C04F79EFBC}") = "Day01", "Day01\Day01.csproj", "{BBB9030A-071F-443B-9C5F-69779295A1EC}"
EndProject
Project("{FAE04EC0-301F-11D3-BF4B-00C04F79EFBC}") = "Day01.Tests", "Day01.Tests\Day01.Tests.csproj", "{C46E50B3-416A-4A14-AE66-909B4E71A427}"
EndProject
Project("{FAE04EC0-301F-11D3-BF4B-00C04F79EFBC}") = "Day02", "Day02\Day02.csproj", "{265E943E-7440-48ED-9CCC-2829AB91435F}"
EndProject
Project("{FAE04EC0-301F-11D3-BF4B-00C04F79EFBC}") = "Day02.Tests", "Day02.Tests\Day02.Tests.csproj", "{8F048DE7-2C0B-45AD-9021-147A2991C854}"
EndProject
Project("{FAE04EC0-301F-11D3-BF4B-00C04F79EFBC}") = "Day03.Tests", "Day03.Tests\Day03.Tests.csproj", "{C3A461D2-70FD-4A7B-AE79-DF52BB77095E}"
EndProject
Project("{FAE04EC0-301F-11D3-BF4B-00C04F79EFBC}") = "Day03", "Day03\Day03.csproj", "{0FDE1236-9A5D-400D-899A-3914B0A5AB45}"
EndProject
Global
	GlobalSection(SolutionConfigurationPlatforms) = preSolution
		Debug|Any CPU = Debug|Any CPU
		Debug|x64 = Debug|x64
		Debug|x86 = Debug|x86
		Release|Any CPU = Release|Any CPU
		Release|x64 = Release|x64
		Release|x86 = Release|x86
	EndGlobalSection
	GlobalSection(SolutionProperties) = preSolution
		HideSolutionNode = FALSE
	EndGlobalSection
	GlobalSection(ProjectConfigurationPlatforms) = postSolution
		{BBB9030A-071F-443B-9C5F-69779295A1EC}.Debug|Any CPU.ActiveCfg = Debug|Any CPU
		{BBB9030A-071F-443B-9C5F-69779295A1EC}.Debug|Any CPU.Build.0 = Debug|Any CPU
		{BBB9030A-071F-443B-9C5F-69779295A1EC}.Debug|x64.ActiveCfg = Debug|Any CPU
		{BBB9030A-071F-443B-9C5F-69779295A1EC}.Debug|x64.Build.0 = Debug|Any CPU
		{BBB9030A-071F-443B-9C5F-69779295A1EC}.Debug|x86.ActiveCfg = Debug|Any CPU
		{BBB9030A-071F-443B-9C5F-69779295A1EC}.Debug|x86.Build.0 = Debug|Any CPU
		{BBB9030A-071F-443B-9C5F-69779295A1EC}.Release|Any CPU.ActiveCfg = Release|Any CPU
		{BBB9030A-071F-443B-9C5F-69779295A1EC}.Release|Any CPU.Build.0 = Release|Any CPU
		{BBB9030A-071F-443B-9C5F-69779295A1EC}.Release|x64.ActiveCfg = Release|Any CPU
		{BBB9030A-071F-443B-9C5F-69779295A1EC}.Release|x64.Build.0 = Release|Any CPU
		{BBB9030A-071F-443B-9C5F-69779295A1EC}.Release|x86.ActiveCfg = Release|Any CPU
		{BBB9030A-071F-443B-9C5F-69779295A1EC}.Release|x86.Build.0 = Release|Any CPU
		{C46E50B3-416A-4A14-AE66-909B4E71A427}.Debug|Any CPU.ActiveCfg = Debug|Any CPU
		{C46E50B3-416A-4A14-AE66-909B4E71A427}.Debug|Any CPU.Build.0 = Debug|Any CPU
		{C46E50B3-416A-4A14-AE66-909B4E71A427}.Debug|x64.ActiveCfg = Debug|Any CPU
		{C46E50B3-416A-4A14-AE66-909B4E71A427}.Debug|x64.Build.0 = Debug|Any CPU
		{C46E50B3-416A-4A14-AE66-909B4E71A427}.Debug|x86.ActiveCfg = Debug|Any CPU
		{C46E50B3-416A-4A14-AE66-909B4E71A427}.Debug|x86.Build.0 = Debug|Any CPU
		{C46E50B3-416A-4A14-AE66-909B4E71A427}.Release|Any CPU.ActiveCfg = Release|Any CPU
		{C46E50B3-416A-4A14-AE66-909B4E71A427}.Release|Any CPU.Build.0 = Release|Any CPU
		{C46E50B3-416A-4A14-AE66-909B4E71A427}.Release|x64.ActiveCfg = Release|Any CPU
		{C46E50B3-416A-4A14-AE66-909B4E71A427}.Release|x64.Build.0 = Release|Any CPU
		{C46E50B3-416A-4A14-AE66-909B4E71A427}.Release|x86.ActiveCfg = Release|Any CPU
		{C46E50B3-416A-4A14-AE66-909B4E71A427}.Release|x86.Build.0 = Release|Any CPU
		{265E943E-7440-48ED-9CCC-2829AB91435F}.Debug|Any CPU.ActiveCfg = Debug|Any CPU
		{265E943E-7440-48ED-9CCC-2829AB91435F}.Debug|Any CPU.Build.0 = Debug|Any CPU
		{265E943E-7440-48ED-9CCC-2829AB91435F}.Debug|x64.ActiveCfg = Debug|Any CPU
		{265E943E-7440-48ED-9CCC-2829AB91435F}.Debug|x64.Build.0 = Debug|Any CPU
		{265E943E-7440-48ED-9CCC-2829AB91435F}.Debug|x86.ActiveCfg = Debug|Any CPU
		{265E943E-7440-48ED-9CCC-2829AB91435F}.Debug|x86.Build.0 = Debug|Any CPU
		{265E943E-7440-48ED-9CCC-2829AB91435F}.Release|Any CPU.ActiveCfg = Release|Any CPU
		{265E943E-7440-48ED-9CCC-2829AB91435F}.Release|Any CPU.Build.0 = Release|Any CPU
		{265E943E-7440-48ED-9CCC-2829AB91435F}.Release|x64.ActiveCfg = Release|Any CPU
		{265E943E-7440-48ED-9CCC-2829AB91435F}.Release|x64.Build.0 = Release|Any CPU
		{265E943E-7440-48ED-9CCC-2829AB91435F}.Release|x86.ActiveCfg = Release|Any CPU
		{265E943E-7440-48ED-9CCC-2829AB91435F}.Release|x86.Build.0 = Release|Any CPU
		{8F048DE7-2C0B-45AD-9021-147A2991C854}.Debug|Any CPU.ActiveCfg = Debug|Any CPU
		{8F048DE7-2C0B-45AD-9021-147A2991C854}.Debug|Any CPU.Build.0 = Debug|Any CPU
		{8F048DE7-2C0B-45AD-9021-147A2991C854}.Debug|x64.ActiveCfg = Debug|Any CPU
		{8F048DE7-2C0B-45AD-9021-147A2991C854}.Debug|x64.Build.0 = Debug|Any CPU
		{8F048DE7-2C0B-45AD-9021-147A2991C854}.Debug|x86.ActiveCfg = Debug|Any CPU
		{8F048DE7-2C0B-45AD-9021-147A2991C854}.Debug|x86.Build.0 = Debug|Any CPU
		{8F048DE7-2C0B-45AD-9021-147A2991C854}.Release|Any CPU.ActiveCfg = Release|Any CPU
		{8F048DE7-2C0B-45AD-9021-147A2991C854}.Release|Any CPU.Build.0 = Release|Any CPU
		{8F048DE7-2C0B-45AD-9021-147A2991C854}.Release|x64.ActiveCfg = Release|Any CPU
		{8F048DE7-2C0B-45AD-9021-147A2991C854}.Release|x64.Build.0 = Release|Any CPU
		{8F048DE7-2C0B-45AD-9021-147A2991C854}.Release|x86.ActiveCfg = Release|Any CPU
		{8F048DE7-2C0B-45AD-9021-147A2991C854}.Release|x86.Build.0 = Release|Any CPU
		{C3A461D2-70FD-4A7B-AE79-DF52BB77095E}.Debug|Any CPU.ActiveCfg = Debug|Any CPU
		{C3A461D2-70FD-4A7B-AE79-DF52BB77095E}.Debug|Any CPU.Build.0 = Debug|Any CPU
		{C3A461D2-70FD-4A7B-AE79-DF52BB77095E}.Debug|x64.ActiveCfg = Debug|Any CPU
		{C3A461D2-70FD-4A7B-AE79-DF52BB77095E}.Debug|x64.Build.0 = Debug|Any CPU
		{C3A461D2-70FD-4A7B-AE79-DF52BB77095E}.Debug|x86.ActiveCfg = Debug|Any CPU
		{C3A461D2-70FD-4A7B-AE79-DF52BB77095E}.Debug|x86.Build.0 = Debug|Any CPU
		{C3A461D2-70FD-4A7B-AE79-DF52BB77095E}.Release|Any CPU.ActiveCfg = Release|Any CPU
		{C3A461D2-70FD-4A7B-AE79-DF52BB77095E}.Release|Any CPU.Build.0 = Release|Any CPU
		{C3A461D2-70FD-4A7B-AE79-DF52BB77095E}.Release|x64.ActiveCfg = Release|Any CPU
		{C3A461D2-70FD-4A7B-AE79-DF52BB77095E}.Release|x64.Build.0 = Release|Any CPU
		{C3A461D2-70FD-4A7B-AE79-DF52BB77095E}.Release|x86.ActiveCfg = Release|Any CPU
		{C3A461D2-70FD-4A7B-AE79-DF52BB77095E}.Release|x86.Build.0 = Release|Any CPU
		{0FDE1236-9A5D-400D-899A-3914B0A5AB45}.Debug|Any CPU.ActiveCfg = Debug|Any CPU
		{0FDE1236-9A5D-400D-899A-3914B0A5AB45}.Debug|Any CPU.Build.0 = Debug|Any CPU
		{0FDE1236-9A5D-400D-899A-3914B0A5AB45}.Debug|x64.ActiveCfg = Debug|Any CPU
		{0FDE1236-9A5D-400D-899A-3914B0A5AB45}.Debug|x64.Build.0 = Debug|Any CPU
		{0FDE1236-9A5D-400D-899A-3914B0A5AB45}.Debug|x86.ActiveCfg = Debug|Any CPU
		{0FDE1236-9A5D-400D-899A-3914B0A5AB45}.Debug|x86.Build.0 = Debug|Any CPU
		{0FDE1236-9A5D-400D-899A-3914B0A5AB45}.Release|Any CPU.ActiveCfg = Release|Any CPU
		{0FDE1236-9A5D-400D-899A-3914B0A5AB45}.Release|Any CPU.Build.0 = Release|Any CPU
		{0FDE1236-9A5D-400D-899A-3914B0A5AB45}.Release|x64.ActiveCfg = Release|Any CPU
		{0FDE1236-9A5D-400D-899A-3914B0A5AB45}.Release|x64.Build.0 = Release|Any CPU
		{0FDE1236-9A5D-400D-899A-3914B0A5AB45}.Release|x86.ActiveCfg = Release|Any CPU
		{0FDE1236-9A5D-400D-899A-3914B0A5AB45}.Release|x86.Build.0 = Release|Any CPU
	EndGlobalSection
EndGlobal
