
Microsoft Visual Studio Solution File, Format Version 12.00
# Visual Studio 15
VisualStudioVersion = 15.0.26124.0
MinimumVisualStudioVersion = 15.0.26124.0
Project("{FAE04EC0-301F-11D3-BF4B-00C04F79EFBC}") = "Day01", "Day01\Day01.csproj", "{BBB9030A-071F-443B-9C5F-69779295A1EC}"
EndProject
Project("{FAE04EC0-301F-11D3-BF4B-00C04F79EFBC}") = "Day01.Tests", "Day01.Tests\Day01.Tests.csproj", "{C46E50B3-416A-4A14-AE66-909B4E71A427}"
EndProject
Project("{FAE04EC0-301F-11D3-BF4B-00C04F79EFBC}") = "Day02", "Day02\Day02.csproj", "{265E943E-7440-48ED-9CCC-2829AB91435F}"
EndProject
Project("{FAE04EC0-301F-11D3-BF4B-00C04F79EFBC}") = "Day02.Tests", "Day02.Tests\Day02.Tests.csproj", "{8F048DE7-2C0B-45AD-9021-147A2991C854}"
EndProject
Project("{FAE04EC0-301F-11D3-BF4B-00C04F79EFBC}") = "Day03.Tests", "Day03.Tests\Day03.Tests.csproj", "{C3A461D2-70FD-4A7B-AE79-DF52BB77095E}"
EndProject
Project("{FAE04EC0-301F-11D3-BF4B-00C04F79EFBC}") = "Day03", "Day03\Day03.csproj", "{0FDE1236-9A5D-400D-899A-3914B0A5AB45}"
EndProject
Project("{FAE04EC0-301F-11D3-BF4B-00C04F79EFBC}") = "Day04", "Day04\Day04.csproj", "{9A6F9C9F-5EDE-40E0-952D-0149736BAA4C}"
EndProject
Project("{FAE04EC0-301F-11D3-BF4B-00C04F79EFBC}") = "Day05", "Day05\Day05.csproj", "{961B7BE0-5B82-4AAB-8C5C-75DF2212554F}"
EndProject
Project("{FAE04EC0-301F-11D3-BF4B-00C04F79EFBC}") = "Day07", "Day07\Day07.csproj", "{A44C9605-4944-4F95-A923-BD03E2368575}"
EndProject
Project("{FAE04EC0-301F-11D3-BF4B-00C04F79EFBC}") = "Day07.Tests", "Day07.Tests\Day07.Tests.csproj", "{5BB37C31-B5CF-49FF-B12D-45A05A980202}"
EndProject
Project("{FAE04EC0-301F-11D3-BF4B-00C04F79EFBC}") = "Day08", "Day08\Day08.csproj", "{E864D319-96FA-47E5-AFEC-1E09778EE2DF}"
EndProject
Project("{FAE04EC0-301F-11D3-BF4B-00C04F79EFBC}") = "Day06", "Day06\Day06.csproj", "{F06833E0-00EB-4DF7-B53D-105DE5D49E93}"
EndProject
Project("{FAE04EC0-301F-11D3-BF4B-00C04F79EFBC}") = "Day06.Tests", "Day06.Tests\Day06.Tests.csproj", "{E78D9A22-7167-49C9-AA7B-659DDFDAA1B5}"
EndProject
Project("{FAE04EC0-301F-11D3-BF4B-00C04F79EFBC}") = "IntCode", "IntCode\IntCode.csproj", "{49F0FA6A-F46B-4CC4-8EDB-CAC963CE7A54}"
EndProject
Project("{FAE04EC0-301F-11D3-BF4B-00C04F79EFBC}") = "Day09.Tests", "Day09.Tests\Day09.Tests.csproj", "{129DE869-35C5-4EB4-9DF1-0722BF11BEED}"
EndProject
Project("{FAE04EC0-301F-11D3-BF4B-00C04F79EFBC}") = "Day10", "Day10\Day10.csproj", "{E3EE762A-E556-4819-A5CD-5E1E05C38A9C}"
EndProject
Project("{FAE04EC0-301F-11D3-BF4B-00C04F79EFBC}") = "Day10.Tests", "Day10.Tests\Day10.Tests.csproj", "{1BCBC7AF-8E11-47C9-9E31-C4C8F90C0C71}"
EndProject
Project("{FAE04EC0-301F-11D3-BF4B-00C04F79EFBC}") = "Day11", "Day11\Day11.csproj", "{68042C9C-1134-4689-9DD7-ACDFE3B1EE13}"
EndProject
Global
	GlobalSection(SolutionConfigurationPlatforms) = preSolution
		Debug|Any CPU = Debug|Any CPU
		Debug|x64 = Debug|x64
		Debug|x86 = Debug|x86
		Release|Any CPU = Release|Any CPU
		Release|x64 = Release|x64
		Release|x86 = Release|x86
	EndGlobalSection
	GlobalSection(SolutionProperties) = preSolution
		HideSolutionNode = FALSE
	EndGlobalSection
	GlobalSection(ProjectConfigurationPlatforms) = postSolution
		{BBB9030A-071F-443B-9C5F-69779295A1EC}.Debug|Any CPU.ActiveCfg = Debug|Any CPU
		{BBB9030A-071F-443B-9C5F-69779295A1EC}.Debug|Any CPU.Build.0 = Debug|Any CPU
		{BBB9030A-071F-443B-9C5F-69779295A1EC}.Debug|x64.ActiveCfg = Debug|Any CPU
		{BBB9030A-071F-443B-9C5F-69779295A1EC}.Debug|x64.Build.0 = Debug|Any CPU
		{BBB9030A-071F-443B-9C5F-69779295A1EC}.Debug|x86.ActiveCfg = Debug|Any CPU
		{BBB9030A-071F-443B-9C5F-69779295A1EC}.Debug|x86.Build.0 = Debug|Any CPU
		{BBB9030A-071F-443B-9C5F-69779295A1EC}.Release|Any CPU.ActiveCfg = Release|Any CPU
		{BBB9030A-071F-443B-9C5F-69779295A1EC}.Release|Any CPU.Build.0 = Release|Any CPU
		{BBB9030A-071F-443B-9C5F-69779295A1EC}.Release|x64.ActiveCfg = Release|Any CPU
		{BBB9030A-071F-443B-9C5F-69779295A1EC}.Release|x64.Build.0 = Release|Any CPU
		{BBB9030A-071F-443B-9C5F-69779295A1EC}.Release|x86.ActiveCfg = Release|Any CPU
		{BBB9030A-071F-443B-9C5F-69779295A1EC}.Release|x86.Build.0 = Release|Any CPU
		{C46E50B3-416A-4A14-AE66-909B4E71A427}.Debug|Any CPU.ActiveCfg = Debug|Any CPU
		{C46E50B3-416A-4A14-AE66-909B4E71A427}.Debug|Any CPU.Build.0 = Debug|Any CPU
		{C46E50B3-416A-4A14-AE66-909B4E71A427}.Debug|x64.ActiveCfg = Debug|Any CPU
		{C46E50B3-416A-4A14-AE66-909B4E71A427}.Debug|x64.Build.0 = Debug|Any CPU
		{C46E50B3-416A-4A14-AE66-909B4E71A427}.Debug|x86.ActiveCfg = Debug|Any CPU
		{C46E50B3-416A-4A14-AE66-909B4E71A427}.Debug|x86.Build.0 = Debug|Any CPU
		{C46E50B3-416A-4A14-AE66-909B4E71A427}.Release|Any CPU.ActiveCfg = Release|Any CPU
		{C46E50B3-416A-4A14-AE66-909B4E71A427}.Release|Any CPU.Build.0 = Release|Any CPU
		{C46E50B3-416A-4A14-AE66-909B4E71A427}.Release|x64.ActiveCfg = Release|Any CPU
		{C46E50B3-416A-4A14-AE66-909B4E71A427}.Release|x64.Build.0 = Release|Any CPU
		{C46E50B3-416A-4A14-AE66-909B4E71A427}.Release|x86.ActiveCfg = Release|Any CPU
		{C46E50B3-416A-4A14-AE66-909B4E71A427}.Release|x86.Build.0 = Release|Any CPU
		{265E943E-7440-48ED-9CCC-2829AB91435F}.Debug|Any CPU.ActiveCfg = Debug|Any CPU
		{265E943E-7440-48ED-9CCC-2829AB91435F}.Debug|Any CPU.Build.0 = Debug|Any CPU
		{265E943E-7440-48ED-9CCC-2829AB91435F}.Debug|x64.ActiveCfg = Debug|Any CPU
		{265E943E-7440-48ED-9CCC-2829AB91435F}.Debug|x64.Build.0 = Debug|Any CPU
		{265E943E-7440-48ED-9CCC-2829AB91435F}.Debug|x86.ActiveCfg = Debug|Any CPU
		{265E943E-7440-48ED-9CCC-2829AB91435F}.Debug|x86.Build.0 = Debug|Any CPU
		{265E943E-7440-48ED-9CCC-2829AB91435F}.Release|Any CPU.ActiveCfg = Release|Any CPU
		{265E943E-7440-48ED-9CCC-2829AB91435F}.Release|Any CPU.Build.0 = Release|Any CPU
		{265E943E-7440-48ED-9CCC-2829AB91435F}.Release|x64.ActiveCfg = Release|Any CPU
		{265E943E-7440-48ED-9CCC-2829AB91435F}.Release|x64.Build.0 = Release|Any CPU
		{265E943E-7440-48ED-9CCC-2829AB91435F}.Release|x86.ActiveCfg = Release|Any CPU
		{265E943E-7440-48ED-9CCC-2829AB91435F}.Release|x86.Build.0 = Release|Any CPU
		{8F048DE7-2C0B-45AD-9021-147A2991C854}.Debug|Any CPU.ActiveCfg = Debug|Any CPU
		{8F048DE7-2C0B-45AD-9021-147A2991C854}.Debug|Any CPU.Build.0 = Debug|Any CPU
		{8F048DE7-2C0B-45AD-9021-147A2991C854}.Debug|x64.ActiveCfg = Debug|Any CPU
		{8F048DE7-2C0B-45AD-9021-147A2991C854}.Debug|x64.Build.0 = Debug|Any CPU
		{8F048DE7-2C0B-45AD-9021-147A2991C854}.Debug|x86.ActiveCfg = Debug|Any CPU
		{8F048DE7-2C0B-45AD-9021-147A2991C854}.Debug|x86.Build.0 = Debug|Any CPU
		{8F048DE7-2C0B-45AD-9021-147A2991C854}.Release|Any CPU.ActiveCfg = Release|Any CPU
		{8F048DE7-2C0B-45AD-9021-147A2991C854}.Release|Any CPU.Build.0 = Release|Any CPU
		{8F048DE7-2C0B-45AD-9021-147A2991C854}.Release|x64.ActiveCfg = Release|Any CPU
		{8F048DE7-2C0B-45AD-9021-147A2991C854}.Release|x64.Build.0 = Release|Any CPU
		{8F048DE7-2C0B-45AD-9021-147A2991C854}.Release|x86.ActiveCfg = Release|Any CPU
		{8F048DE7-2C0B-45AD-9021-147A2991C854}.Release|x86.Build.0 = Release|Any CPU
		{C3A461D2-70FD-4A7B-AE79-DF52BB77095E}.Debug|Any CPU.ActiveCfg = Debug|Any CPU
		{C3A461D2-70FD-4A7B-AE79-DF52BB77095E}.Debug|Any CPU.Build.0 = Debug|Any CPU
		{C3A461D2-70FD-4A7B-AE79-DF52BB77095E}.Debug|x64.ActiveCfg = Debug|Any CPU
		{C3A461D2-70FD-4A7B-AE79-DF52BB77095E}.Debug|x64.Build.0 = Debug|Any CPU
		{C3A461D2-70FD-4A7B-AE79-DF52BB77095E}.Debug|x86.ActiveCfg = Debug|Any CPU
		{C3A461D2-70FD-4A7B-AE79-DF52BB77095E}.Debug|x86.Build.0 = Debug|Any CPU
		{C3A461D2-70FD-4A7B-AE79-DF52BB77095E}.Release|Any CPU.ActiveCfg = Release|Any CPU
		{C3A461D2-70FD-4A7B-AE79-DF52BB77095E}.Release|Any CPU.Build.0 = Release|Any CPU
		{C3A461D2-70FD-4A7B-AE79-DF52BB77095E}.Release|x64.ActiveCfg = Release|Any CPU
		{C3A461D2-70FD-4A7B-AE79-DF52BB77095E}.Release|x64.Build.0 = Release|Any CPU
		{C3A461D2-70FD-4A7B-AE79-DF52BB77095E}.Release|x86.ActiveCfg = Release|Any CPU
		{C3A461D2-70FD-4A7B-AE79-DF52BB77095E}.Release|x86.Build.0 = Release|Any CPU
		{0FDE1236-9A5D-400D-899A-3914B0A5AB45}.Debug|Any CPU.ActiveCfg = Debug|Any CPU
		{0FDE1236-9A5D-400D-899A-3914B0A5AB45}.Debug|Any CPU.Build.0 = Debug|Any CPU
		{0FDE1236-9A5D-400D-899A-3914B0A5AB45}.Debug|x64.ActiveCfg = Debug|Any CPU
		{0FDE1236-9A5D-400D-899A-3914B0A5AB45}.Debug|x64.Build.0 = Debug|Any CPU
		{0FDE1236-9A5D-400D-899A-3914B0A5AB45}.Debug|x86.ActiveCfg = Debug|Any CPU
		{0FDE1236-9A5D-400D-899A-3914B0A5AB45}.Debug|x86.Build.0 = Debug|Any CPU
		{0FDE1236-9A5D-400D-899A-3914B0A5AB45}.Release|Any CPU.ActiveCfg = Release|Any CPU
		{0FDE1236-9A5D-400D-899A-3914B0A5AB45}.Release|Any CPU.Build.0 = Release|Any CPU
		{0FDE1236-9A5D-400D-899A-3914B0A5AB45}.Release|x64.ActiveCfg = Release|Any CPU
		{0FDE1236-9A5D-400D-899A-3914B0A5AB45}.Release|x64.Build.0 = Release|Any CPU
		{0FDE1236-9A5D-400D-899A-3914B0A5AB45}.Release|x86.ActiveCfg = Release|Any CPU
		{0FDE1236-9A5D-400D-899A-3914B0A5AB45}.Release|x86.Build.0 = Release|Any CPU
		{9A6F9C9F-5EDE-40E0-952D-0149736BAA4C}.Debug|Any CPU.ActiveCfg = Debug|Any CPU
		{9A6F9C9F-5EDE-40E0-952D-0149736BAA4C}.Debug|Any CPU.Build.0 = Debug|Any CPU
		{9A6F9C9F-5EDE-40E0-952D-0149736BAA4C}.Debug|x64.ActiveCfg = Debug|Any CPU
		{9A6F9C9F-5EDE-40E0-952D-0149736BAA4C}.Debug|x64.Build.0 = Debug|Any CPU
		{9A6F9C9F-5EDE-40E0-952D-0149736BAA4C}.Debug|x86.ActiveCfg = Debug|Any CPU
		{9A6F9C9F-5EDE-40E0-952D-0149736BAA4C}.Debug|x86.Build.0 = Debug|Any CPU
		{9A6F9C9F-5EDE-40E0-952D-0149736BAA4C}.Release|Any CPU.ActiveCfg = Release|Any CPU
		{9A6F9C9F-5EDE-40E0-952D-0149736BAA4C}.Release|Any CPU.Build.0 = Release|Any CPU
		{9A6F9C9F-5EDE-40E0-952D-0149736BAA4C}.Release|x64.ActiveCfg = Release|Any CPU
		{9A6F9C9F-5EDE-40E0-952D-0149736BAA4C}.Release|x64.Build.0 = Release|Any CPU
		{9A6F9C9F-5EDE-40E0-952D-0149736BAA4C}.Release|x86.ActiveCfg = Release|Any CPU
		{9A6F9C9F-5EDE-40E0-952D-0149736BAA4C}.Release|x86.Build.0 = Release|Any CPU
		{961B7BE0-5B82-4AAB-8C5C-75DF2212554F}.Debug|Any CPU.ActiveCfg = Debug|Any CPU
		{961B7BE0-5B82-4AAB-8C5C-75DF2212554F}.Debug|Any CPU.Build.0 = Debug|Any CPU
		{961B7BE0-5B82-4AAB-8C5C-75DF2212554F}.Debug|x64.ActiveCfg = Debug|Any CPU
		{961B7BE0-5B82-4AAB-8C5C-75DF2212554F}.Debug|x64.Build.0 = Debug|Any CPU
		{961B7BE0-5B82-4AAB-8C5C-75DF2212554F}.Debug|x86.ActiveCfg = Debug|Any CPU
		{961B7BE0-5B82-4AAB-8C5C-75DF2212554F}.Debug|x86.Build.0 = Debug|Any CPU
		{961B7BE0-5B82-4AAB-8C5C-75DF2212554F}.Release|Any CPU.ActiveCfg = Release|Any CPU
		{961B7BE0-5B82-4AAB-8C5C-75DF2212554F}.Release|Any CPU.Build.0 = Release|Any CPU
		{961B7BE0-5B82-4AAB-8C5C-75DF2212554F}.Release|x64.ActiveCfg = Release|Any CPU
		{961B7BE0-5B82-4AAB-8C5C-75DF2212554F}.Release|x64.Build.0 = Release|Any CPU
		{961B7BE0-5B82-4AAB-8C5C-75DF2212554F}.Release|x86.ActiveCfg = Release|Any CPU
		{961B7BE0-5B82-4AAB-8C5C-75DF2212554F}.Release|x86.Build.0 = Release|Any CPU
		{A44C9605-4944-4F95-A923-BD03E2368575}.Debug|Any CPU.ActiveCfg = Debug|Any CPU
		{A44C9605-4944-4F95-A923-BD03E2368575}.Debug|Any CPU.Build.0 = Debug|Any CPU
		{A44C9605-4944-4F95-A923-BD03E2368575}.Debug|x64.ActiveCfg = Debug|Any CPU
		{A44C9605-4944-4F95-A923-BD03E2368575}.Debug|x64.Build.0 = Debug|Any CPU
		{A44C9605-4944-4F95-A923-BD03E2368575}.Debug|x86.ActiveCfg = Debug|Any CPU
		{A44C9605-4944-4F95-A923-BD03E2368575}.Debug|x86.Build.0 = Debug|Any CPU
		{A44C9605-4944-4F95-A923-BD03E2368575}.Release|Any CPU.ActiveCfg = Release|Any CPU
		{A44C9605-4944-4F95-A923-BD03E2368575}.Release|Any CPU.Build.0 = Release|Any CPU
		{A44C9605-4944-4F95-A923-BD03E2368575}.Release|x64.ActiveCfg = Release|Any CPU
		{A44C9605-4944-4F95-A923-BD03E2368575}.Release|x64.Build.0 = Release|Any CPU
		{A44C9605-4944-4F95-A923-BD03E2368575}.Release|x86.ActiveCfg = Release|Any CPU
		{A44C9605-4944-4F95-A923-BD03E2368575}.Release|x86.Build.0 = Release|Any CPU
		{5BB37C31-B5CF-49FF-B12D-45A05A980202}.Debug|Any CPU.ActiveCfg = Debug|Any CPU
		{5BB37C31-B5CF-49FF-B12D-45A05A980202}.Debug|Any CPU.Build.0 = Debug|Any CPU
		{5BB37C31-B5CF-49FF-B12D-45A05A980202}.Debug|x64.ActiveCfg = Debug|Any CPU
		{5BB37C31-B5CF-49FF-B12D-45A05A980202}.Debug|x64.Build.0 = Debug|Any CPU
		{5BB37C31-B5CF-49FF-B12D-45A05A980202}.Debug|x86.ActiveCfg = Debug|Any CPU
		{5BB37C31-B5CF-49FF-B12D-45A05A980202}.Debug|x86.Build.0 = Debug|Any CPU
		{5BB37C31-B5CF-49FF-B12D-45A05A980202}.Release|Any CPU.ActiveCfg = Release|Any CPU
		{5BB37C31-B5CF-49FF-B12D-45A05A980202}.Release|Any CPU.Build.0 = Release|Any CPU
		{5BB37C31-B5CF-49FF-B12D-45A05A980202}.Release|x64.ActiveCfg = Release|Any CPU
		{5BB37C31-B5CF-49FF-B12D-45A05A980202}.Release|x64.Build.0 = Release|Any CPU
		{5BB37C31-B5CF-49FF-B12D-45A05A980202}.Release|x86.ActiveCfg = Release|Any CPU
		{5BB37C31-B5CF-49FF-B12D-45A05A980202}.Release|x86.Build.0 = Release|Any CPU
		{E864D319-96FA-47E5-AFEC-1E09778EE2DF}.Debug|Any CPU.ActiveCfg = Debug|Any CPU
		{E864D319-96FA-47E5-AFEC-1E09778EE2DF}.Debug|Any CPU.Build.0 = Debug|Any CPU
		{E864D319-96FA-47E5-AFEC-1E09778EE2DF}.Debug|x64.ActiveCfg = Debug|Any CPU
		{E864D319-96FA-47E5-AFEC-1E09778EE2DF}.Debug|x64.Build.0 = Debug|Any CPU
		{E864D319-96FA-47E5-AFEC-1E09778EE2DF}.Debug|x86.ActiveCfg = Debug|Any CPU
		{E864D319-96FA-47E5-AFEC-1E09778EE2DF}.Debug|x86.Build.0 = Debug|Any CPU
		{E864D319-96FA-47E5-AFEC-1E09778EE2DF}.Release|Any CPU.ActiveCfg = Release|Any CPU
		{E864D319-96FA-47E5-AFEC-1E09778EE2DF}.Release|Any CPU.Build.0 = Release|Any CPU
		{E864D319-96FA-47E5-AFEC-1E09778EE2DF}.Release|x64.ActiveCfg = Release|Any CPU
		{E864D319-96FA-47E5-AFEC-1E09778EE2DF}.Release|x64.Build.0 = Release|Any CPU
		{E864D319-96FA-47E5-AFEC-1E09778EE2DF}.Release|x86.ActiveCfg = Release|Any CPU
		{E864D319-96FA-47E5-AFEC-1E09778EE2DF}.Release|x86.Build.0 = Release|Any CPU
		{F06833E0-00EB-4DF7-B53D-105DE5D49E93}.Debug|Any CPU.ActiveCfg = Debug|Any CPU
		{F06833E0-00EB-4DF7-B53D-105DE5D49E93}.Debug|Any CPU.Build.0 = Debug|Any CPU
		{F06833E0-00EB-4DF7-B53D-105DE5D49E93}.Debug|x64.ActiveCfg = Debug|Any CPU
		{F06833E0-00EB-4DF7-B53D-105DE5D49E93}.Debug|x64.Build.0 = Debug|Any CPU
		{F06833E0-00EB-4DF7-B53D-105DE5D49E93}.Debug|x86.ActiveCfg = Debug|Any CPU
		{F06833E0-00EB-4DF7-B53D-105DE5D49E93}.Debug|x86.Build.0 = Debug|Any CPU
		{F06833E0-00EB-4DF7-B53D-105DE5D49E93}.Release|Any CPU.ActiveCfg = Release|Any CPU
		{F06833E0-00EB-4DF7-B53D-105DE5D49E93}.Release|Any CPU.Build.0 = Release|Any CPU
		{F06833E0-00EB-4DF7-B53D-105DE5D49E93}.Release|x64.ActiveCfg = Release|Any CPU
		{F06833E0-00EB-4DF7-B53D-105DE5D49E93}.Release|x64.Build.0 = Release|Any CPU
		{F06833E0-00EB-4DF7-B53D-105DE5D49E93}.Release|x86.ActiveCfg = Release|Any CPU
		{F06833E0-00EB-4DF7-B53D-105DE5D49E93}.Release|x86.Build.0 = Release|Any CPU
		{E78D9A22-7167-49C9-AA7B-659DDFDAA1B5}.Debug|Any CPU.ActiveCfg = Debug|Any CPU
		{E78D9A22-7167-49C9-AA7B-659DDFDAA1B5}.Debug|Any CPU.Build.0 = Debug|Any CPU
		{E78D9A22-7167-49C9-AA7B-659DDFDAA1B5}.Debug|x64.ActiveCfg = Debug|Any CPU
		{E78D9A22-7167-49C9-AA7B-659DDFDAA1B5}.Debug|x64.Build.0 = Debug|Any CPU
		{E78D9A22-7167-49C9-AA7B-659DDFDAA1B5}.Debug|x86.ActiveCfg = Debug|Any CPU
		{E78D9A22-7167-49C9-AA7B-659DDFDAA1B5}.Debug|x86.Build.0 = Debug|Any CPU
		{E78D9A22-7167-49C9-AA7B-659DDFDAA1B5}.Release|Any CPU.ActiveCfg = Release|Any CPU
		{E78D9A22-7167-49C9-AA7B-659DDFDAA1B5}.Release|Any CPU.Build.0 = Release|Any CPU
		{E78D9A22-7167-49C9-AA7B-659DDFDAA1B5}.Release|x64.ActiveCfg = Release|Any CPU
		{E78D9A22-7167-49C9-AA7B-659DDFDAA1B5}.Release|x64.Build.0 = Release|Any CPU
		{E78D9A22-7167-49C9-AA7B-659DDFDAA1B5}.Release|x86.ActiveCfg = Release|Any CPU
		{E78D9A22-7167-49C9-AA7B-659DDFDAA1B5}.Release|x86.Build.0 = Release|Any CPU
		{49F0FA6A-F46B-4CC4-8EDB-CAC963CE7A54}.Debug|Any CPU.ActiveCfg = Debug|Any CPU
		{49F0FA6A-F46B-4CC4-8EDB-CAC963CE7A54}.Debug|Any CPU.Build.0 = Debug|Any CPU
		{49F0FA6A-F46B-4CC4-8EDB-CAC963CE7A54}.Debug|x64.ActiveCfg = Debug|Any CPU
		{49F0FA6A-F46B-4CC4-8EDB-CAC963CE7A54}.Debug|x64.Build.0 = Debug|Any CPU
		{49F0FA6A-F46B-4CC4-8EDB-CAC963CE7A54}.Debug|x86.ActiveCfg = Debug|Any CPU
		{49F0FA6A-F46B-4CC4-8EDB-CAC963CE7A54}.Debug|x86.Build.0 = Debug|Any CPU
		{49F0FA6A-F46B-4CC4-8EDB-CAC963CE7A54}.Release|Any CPU.ActiveCfg = Release|Any CPU
		{49F0FA6A-F46B-4CC4-8EDB-CAC963CE7A54}.Release|Any CPU.Build.0 = Release|Any CPU
		{49F0FA6A-F46B-4CC4-8EDB-CAC963CE7A54}.Release|x64.ActiveCfg = Release|Any CPU
		{49F0FA6A-F46B-4CC4-8EDB-CAC963CE7A54}.Release|x64.Build.0 = Release|Any CPU
		{49F0FA6A-F46B-4CC4-8EDB-CAC963CE7A54}.Release|x86.ActiveCfg = Release|Any CPU
		{49F0FA6A-F46B-4CC4-8EDB-CAC963CE7A54}.Release|x86.Build.0 = Release|Any CPU
		{129DE869-35C5-4EB4-9DF1-0722BF11BEED}.Debug|Any CPU.ActiveCfg = Debug|Any CPU
		{129DE869-35C5-4EB4-9DF1-0722BF11BEED}.Debug|Any CPU.Build.0 = Debug|Any CPU
		{129DE869-35C5-4EB4-9DF1-0722BF11BEED}.Debug|x64.ActiveCfg = Debug|Any CPU
		{129DE869-35C5-4EB4-9DF1-0722BF11BEED}.Debug|x64.Build.0 = Debug|Any CPU
		{129DE869-35C5-4EB4-9DF1-0722BF11BEED}.Debug|x86.ActiveCfg = Debug|Any CPU
		{129DE869-35C5-4EB4-9DF1-0722BF11BEED}.Debug|x86.Build.0 = Debug|Any CPU
		{129DE869-35C5-4EB4-9DF1-0722BF11BEED}.Release|Any CPU.ActiveCfg = Release|Any CPU
		{129DE869-35C5-4EB4-9DF1-0722BF11BEED}.Release|Any CPU.Build.0 = Release|Any CPU
		{129DE869-35C5-4EB4-9DF1-0722BF11BEED}.Release|x64.ActiveCfg = Release|Any CPU
		{129DE869-35C5-4EB4-9DF1-0722BF11BEED}.Release|x64.Build.0 = Release|Any CPU
		{129DE869-35C5-4EB4-9DF1-0722BF11BEED}.Release|x86.ActiveCfg = Release|Any CPU
		{129DE869-35C5-4EB4-9DF1-0722BF11BEED}.Release|x86.Build.0 = Release|Any CPU
		{E3EE762A-E556-4819-A5CD-5E1E05C38A9C}.Debug|Any CPU.ActiveCfg = Debug|Any CPU
		{E3EE762A-E556-4819-A5CD-5E1E05C38A9C}.Debug|Any CPU.Build.0 = Debug|Any CPU
		{E3EE762A-E556-4819-A5CD-5E1E05C38A9C}.Debug|x64.ActiveCfg = Debug|Any CPU
		{E3EE762A-E556-4819-A5CD-5E1E05C38A9C}.Debug|x64.Build.0 = Debug|Any CPU
		{E3EE762A-E556-4819-A5CD-5E1E05C38A9C}.Debug|x86.ActiveCfg = Debug|Any CPU
		{E3EE762A-E556-4819-A5CD-5E1E05C38A9C}.Debug|x86.Build.0 = Debug|Any CPU
		{E3EE762A-E556-4819-A5CD-5E1E05C38A9C}.Release|Any CPU.ActiveCfg = Release|Any CPU
		{E3EE762A-E556-4819-A5CD-5E1E05C38A9C}.Release|Any CPU.Build.0 = Release|Any CPU
		{E3EE762A-E556-4819-A5CD-5E1E05C38A9C}.Release|x64.ActiveCfg = Release|Any CPU
		{E3EE762A-E556-4819-A5CD-5E1E05C38A9C}.Release|x64.Build.0 = Release|Any CPU
		{E3EE762A-E556-4819-A5CD-5E1E05C38A9C}.Release|x86.ActiveCfg = Release|Any CPU
		{E3EE762A-E556-4819-A5CD-5E1E05C38A9C}.Release|x86.Build.0 = Release|Any CPU
		{1BCBC7AF-8E11-47C9-9E31-C4C8F90C0C71}.Debug|Any CPU.ActiveCfg = Debug|Any CPU
		{1BCBC7AF-8E11-47C9-9E31-C4C8F90C0C71}.Debug|Any CPU.Build.0 = Debug|Any CPU
		{1BCBC7AF-8E11-47C9-9E31-C4C8F90C0C71}.Debug|x64.ActiveCfg = Debug|Any CPU
		{1BCBC7AF-8E11-47C9-9E31-C4C8F90C0C71}.Debug|x64.Build.0 = Debug|Any CPU
		{1BCBC7AF-8E11-47C9-9E31-C4C8F90C0C71}.Debug|x86.ActiveCfg = Debug|Any CPU
		{1BCBC7AF-8E11-47C9-9E31-C4C8F90C0C71}.Debug|x86.Build.0 = Debug|Any CPU
		{1BCBC7AF-8E11-47C9-9E31-C4C8F90C0C71}.Release|Any CPU.ActiveCfg = Release|Any CPU
		{1BCBC7AF-8E11-47C9-9E31-C4C8F90C0C71}.Release|Any CPU.Build.0 = Release|Any CPU
		{1BCBC7AF-8E11-47C9-9E31-C4C8F90C0C71}.Release|x64.ActiveCfg = Release|Any CPU
		{1BCBC7AF-8E11-47C9-9E31-C4C8F90C0C71}.Release|x64.Build.0 = Release|Any CPU
		{1BCBC7AF-8E11-47C9-9E31-C4C8F90C0C71}.Release|x86.ActiveCfg = Release|Any CPU
		{1BCBC7AF-8E11-47C9-9E31-C4C8F90C0C71}.Release|x86.Build.0 = Release|Any CPU
		{68042C9C-1134-4689-9DD7-ACDFE3B1EE13}.Debug|Any CPU.ActiveCfg = Debug|Any CPU
		{68042C9C-1134-4689-9DD7-ACDFE3B1EE13}.Debug|Any CPU.Build.0 = Debug|Any CPU
		{68042C9C-1134-4689-9DD7-ACDFE3B1EE13}.Debug|x64.ActiveCfg = Debug|Any CPU
		{68042C9C-1134-4689-9DD7-ACDFE3B1EE13}.Debug|x64.Build.0 = Debug|Any CPU
		{68042C9C-1134-4689-9DD7-ACDFE3B1EE13}.Debug|x86.ActiveCfg = Debug|Any CPU
		{68042C9C-1134-4689-9DD7-ACDFE3B1EE13}.Debug|x86.Build.0 = Debug|Any CPU
		{68042C9C-1134-4689-9DD7-ACDFE3B1EE13}.Release|Any CPU.ActiveCfg = Release|Any CPU
		{68042C9C-1134-4689-9DD7-ACDFE3B1EE13}.Release|Any CPU.Build.0 = Release|Any CPU
		{68042C9C-1134-4689-9DD7-ACDFE3B1EE13}.Release|x64.ActiveCfg = Release|Any CPU
		{68042C9C-1134-4689-9DD7-ACDFE3B1EE13}.Release|x64.Build.0 = Release|Any CPU
		{68042C9C-1134-4689-9DD7-ACDFE3B1EE13}.Release|x86.ActiveCfg = Release|Any CPU
		{68042C9C-1134-4689-9DD7-ACDFE3B1EE13}.Release|x86.Build.0 = Release|Any CPU
	EndGlobalSection
EndGlobal
